
Microsoft Visual Studio Solution File, Format Version 12.00
# Visual Studio 15
VisualStudioVersion = 15.0.27130.2036
MinimumVisualStudioVersion = 10.0.40219.1
Project("{8BC9CEB8-8B4A-11D0-8D11-00A0C91BC942}") = "ipk-client", "ipk-client\ipk-client.vcxproj", "{E8A156DD-C325-476B-A1A5-4847BDC4464B}"
EndProject
Project("{8BC9CEB8-8B4A-11D0-8D11-00A0C91BC942}") = "ipk-server", "ipk-server\ipk-server.vcxproj", "{DF4D1832-F04A-4833-96CC-DA08A01C7C41}"
EndProject
Project("{8BC9CEB8-8B4A-11D0-8D11-00A0C91BC942}") = "ipk-client-win", "ipk-client-win\ipk-client-win.vcxproj", "{801DD64F-C204-42A3-BFB8-FCD0DD8821C7}"
EndProject
Project("{8BC9CEB8-8B4A-11D0-8D11-00A0C91BC942}") = "ipk-server-win", "ipk-server-win\ipk-server-win.vcxproj", "{AD481446-F592-4C25-857C-7756EDABA1E5}"
EndProject
Global
	GlobalSection(SolutionConfigurationPlatforms) = preSolution
		Debug|x64 = Debug|x64
		Debug|x86 = Debug|x86
		Release|x64 = Release|x64
		Release|x86 = Release|x86
	EndGlobalSection
	GlobalSection(ProjectConfigurationPlatforms) = postSolution
		{E8A156DD-C325-476B-A1A5-4847BDC4464B}.Debug|x64.ActiveCfg = Debug|x64
		{E8A156DD-C325-476B-A1A5-4847BDC4464B}.Debug|x64.Build.0 = Debug|x64
		{E8A156DD-C325-476B-A1A5-4847BDC4464B}.Debug|x86.ActiveCfg = Debug|x64
		{E8A156DD-C325-476B-A1A5-4847BDC4464B}.Debug|x86.Build.0 = Debug|x64
		{E8A156DD-C325-476B-A1A5-4847BDC4464B}.Release|x64.ActiveCfg = Debug|x64
		{E8A156DD-C325-476B-A1A5-4847BDC4464B}.Release|x64.Build.0 = Debug|x64
		{E8A156DD-C325-476B-A1A5-4847BDC4464B}.Release|x86.ActiveCfg = Debug|x64
		{E8A156DD-C325-476B-A1A5-4847BDC4464B}.Release|x86.Build.0 = Debug|x64
		{DF4D1832-F04A-4833-96CC-DA08A01C7C41}.Debug|x64.ActiveCfg = Debug|x64
		{DF4D1832-F04A-4833-96CC-DA08A01C7C41}.Debug|x64.Build.0 = Debug|x64
		{DF4D1832-F04A-4833-96CC-DA08A01C7C41}.Debug|x86.ActiveCfg = Debug|x64
		{DF4D1832-F04A-4833-96CC-DA08A01C7C41}.Debug|x86.Build.0 = Debug|x64
		{DF4D1832-F04A-4833-96CC-DA08A01C7C41}.Release|x64.ActiveCfg = Debug|x64
		{DF4D1832-F04A-4833-96CC-DA08A01C7C41}.Release|x64.Build.0 = Debug|x64
		{DF4D1832-F04A-4833-96CC-DA08A01C7C41}.Release|x86.ActiveCfg = Debug|x64
		{DF4D1832-F04A-4833-96CC-DA08A01C7C41}.Release|x86.Build.0 = Debug|x64
		{801DD64F-C204-42A3-BFB8-FCD0DD8821C7}.Debug|x64.ActiveCfg = Debug|x64
		{801DD64F-C204-42A3-BFB8-FCD0DD8821C7}.Debug|x64.Build.0 = Debug|x64
		{801DD64F-C204-42A3-BFB8-FCD0DD8821C7}.Debug|x86.ActiveCfg = Debug|x64
		{801DD64F-C204-42A3-BFB8-FCD0DD8821C7}.Debug|x86.Build.0 = Debug|x64
		{801DD64F-C204-42A3-BFB8-FCD0DD8821C7}.Release|x64.ActiveCfg = Debug|x64
		{801DD64F-C204-42A3-BFB8-FCD0DD8821C7}.Release|x64.Build.0 = Debug|x64
		{801DD64F-C204-42A3-BFB8-FCD0DD8821C7}.Release|x86.ActiveCfg = Debug|x64
		{801DD64F-C204-42A3-BFB8-FCD0DD8821C7}.Release|x86.Build.0 = Debug|x64
		{AD481446-F592-4C25-857C-7756EDABA1E5}.Debug|x64.ActiveCfg = Debug|x64
		{AD481446-F592-4C25-857C-7756EDABA1E5}.Debug|x64.Build.0 = Debug|x64
		{AD481446-F592-4C25-857C-7756EDABA1E5}.Debug|x86.ActiveCfg = Debug|x64
		{AD481446-F592-4C25-857C-7756EDABA1E5}.Debug|x86.Build.0 = Debug|x64
		{AD481446-F592-4C25-857C-7756EDABA1E5}.Release|x64.ActiveCfg = Debug|x64
		{AD481446-F592-4C25-857C-7756EDABA1E5}.Release|x64.Build.0 = Debug|x64
		{AD481446-F592-4C25-857C-7756EDABA1E5}.Release|x86.ActiveCfg = Debug|x64
		{AD481446-F592-4C25-857C-7756EDABA1E5}.Release|x86.Build.0 = Debug|x64
	EndGlobalSection
	GlobalSection(SolutionProperties) = preSolution
		HideSolutionNode = FALSE
	EndGlobalSection
	GlobalSection(ExtensibilityGlobals) = postSolution
		SolutionGuid = {82A470BC-82CE-4ADC-8ABE-2CDEB59ED63E}
	EndGlobalSection
EndGlobal
